// !$*UTF8*$!
{
	archiveVersion = 1;
	classes = {
	};
	objectVersion = 77;
	objects = {

/* Begin PBXContainerItemProxy section */
		E984B02D2CE7916E008BE7AB /* PBXContainerItemProxy */ = {
			isa = PBXContainerItemProxy;
			containerPortal = E984B0142CE7916E008BE7AB /* Project object */;
			proxyType = 1;
			remoteGlobalIDString = E984B01B2CE7916E008BE7AB;
			remoteInfo = PersonalFinance;
		};
		E984B0372CE7916E008BE7AB /* PBXContainerItemProxy */ = {
			isa = PBXContainerItemProxy;
			containerPortal = E984B0142CE7916E008BE7AB /* Project object */;
			proxyType = 1;
			remoteGlobalIDString = E984B01B2CE7916E008BE7AB;
			remoteInfo = PersonalFinance;
		};
/* End PBXContainerItemProxy section */

/* Begin PBXFileReference section */
		E984B01C2CE7916E008BE7AB /* PersonalFinance.app */ = {isa = PBXFileReference; explicitFileType = wrapper.application; includeInIndex = 0; path = PersonalFinance.app; sourceTree = BUILT_PRODUCTS_DIR; };
		E984B02C2CE7916E008BE7AB /* PersonalFinanceTests.xctest */ = {isa = PBXFileReference; explicitFileType = wrapper.cfbundle; includeInIndex = 0; path = PersonalFinanceTests.xctest; sourceTree = BUILT_PRODUCTS_DIR; };
		E984B0362CE7916E008BE7AB /* PersonalFinanceUITests.xctest */ = {isa = PBXFileReference; explicitFileType = wrapper.cfbundle; includeInIndex = 0; path = PersonalFinanceUITests.xctest; sourceTree = BUILT_PRODUCTS_DIR; };
/* End PBXFileReference section */

/* Begin PBXFileSystemSynchronizedRootGroup section */
		E984B01E2CE7916E008BE7AB /* PersonalFinance */ = {
			isa = PBXFileSystemSynchronizedRootGroup;
			path = PersonalFinance;
			sourceTree = "<group>";
		};
		E984B02F2CE7916E008BE7AB /* PersonalFinanceTests */ = {
			isa = PBXFileSystemSynchronizedRootGroup;
			path = PersonalFinanceTests;
			sourceTree = "<group>";
		};
		E984B0392CE7916E008BE7AB /* PersonalFinanceUITests */ = {
			isa = PBXFileSystemSynchronizedRootGroup;
			path = PersonalFinanceUITests;
			sourceTree = "<group>";
		};
/* End PBXFileSystemSynchronizedRootGroup section */

/* Begin PBXFrameworksBuildPhase section */
		E984B0192CE7916E008BE7AB /* Frameworks */ = {
			isa = PBXFrameworksBuildPhase;
			buildActionMask = 2147483647;
			files = (
			);
			runOnlyForDeploymentPostprocessing = 0;
		};
		E984B0292CE7916E008BE7AB /* Frameworks */ = {
			isa = PBXFrameworksBuildPhase;
			buildActionMask = 2147483647;
			files = (
			);
			runOnlyForDeploymentPostprocessing = 0;
		};
		E984B0332CE7916E008BE7AB /* Frameworks */ = {
			isa = PBXFrameworksBuildPhase;
			buildActionMask = 2147483647;
			files = (
			);
			runOnlyForDeploymentPostprocessing = 0;
		};
/* End PBXFrameworksBuildPhase section */

/* Begin PBXGroup section */
		E984B0132CE7916E008BE7AB = {
			isa = PBXGroup;
			children = (
				E984B01E2CE7916E008BE7AB /* PersonalFinance */,
				E984B02F2CE7916E008BE7AB /* PersonalFinanceTests */,
				E984B0392CE7916E008BE7AB /* PersonalFinanceUITests */,
				E984B01D2CE7916E008BE7AB /* Products */,
			);
			sourceTree = "<group>";
		};
		E984B01D2CE7916E008BE7AB /* Products */ = {
			isa = PBXGroup;
			children = (
				E984B01C2CE7916E008BE7AB /* PersonalFinance.app */,
				E984B02C2CE7916E008BE7AB /* PersonalFinanceTests.xctest */,
				E984B0362CE7916E008BE7AB /* PersonalFinanceUITests.xctest */,
			);
			name = Products;
			sourceTree = "<group>";
		};
/* End PBXGroup section */

/* Begin PBXNativeTarget section */
		E984B01B2CE7916E008BE7AB /* PersonalFinance */ = {
			isa = PBXNativeTarget;
			buildConfigurationList = E984B0402CE7916E008BE7AB /* Build configuration list for PBXNativeTarget "PersonalFinance" */;
			buildPhases = (
				E984B0182CE7916E008BE7AB /* Sources */,
				E984B0192CE7916E008BE7AB /* Frameworks */,
				E984B01A2CE7916E008BE7AB /* Resources */,
			);
			buildRules = (
			);
			dependencies = (
			);
			fileSystemSynchronizedGroups = (
				E984B01E2CE7916E008BE7AB /* PersonalFinance */,
			);
			name = PersonalFinance;
			packageProductDependencies = (
			);
			productName = PersonalFinance;
			productReference = E984B01C2CE7916E008BE7AB /* PersonalFinance.app */;
			productType = "com.apple.product-type.application";
		};
		E984B02B2CE7916E008BE7AB /* PersonalFinanceTests */ = {
			isa = PBXNativeTarget;
			buildConfigurationList = E984B0432CE7916E008BE7AB /* Build configuration list for PBXNativeTarget "PersonalFinanceTests" */;
			buildPhases = (
				E984B0282CE7916E008BE7AB /* Sources */,
				E984B0292CE7916E008BE7AB /* Frameworks */,
				E984B02A2CE7916E008BE7AB /* Resources */,
			);
			buildRules = (
			);
			dependencies = (
				E984B02E2CE7916E008BE7AB /* PBXTargetDependency */,
			);
			fileSystemSynchronizedGroups = (
				E984B02F2CE7916E008BE7AB /* PersonalFinanceTests */,
			);
			name = PersonalFinanceTests;
			packageProductDependencies = (
			);
			productName = PersonalFinanceTests;
			productReference = E984B02C2CE7916E008BE7AB /* PersonalFinanceTests.xctest */;
			productType = "com.apple.product-type.bundle.unit-test";
		};
		E984B0352CE7916E008BE7AB /* PersonalFinanceUITests */ = {
			isa = PBXNativeTarget;
			buildConfigurationList = E984B0462CE7916E008BE7AB /* Build configuration list for PBXNativeTarget "PersonalFinanceUITests" */;
			buildPhases = (
				E984B0322CE7916E008BE7AB /* Sources */,
				E984B0332CE7916E008BE7AB /* Frameworks */,
				E984B0342CE7916E008BE7AB /* Resources */,
			);
			buildRules = (
			);
			dependencies = (
				E984B0382CE7916E008BE7AB /* PBXTargetDependency */,
			);
			fileSystemSynchronizedGroups = (
				E984B0392CE7916E008BE7AB /* PersonalFinanceUITests */,
			);
			name = PersonalFinanceUITests;
			packageProductDependencies = (
			);
			productName = PersonalFinanceUITests;
			productReference = E984B0362CE7916E008BE7AB /* PersonalFinanceUITests.xctest */;
			productType = "com.apple.product-type.bundle.ui-testing";
		};
/* End PBXNativeTarget section */

/* Begin PBXProject section */
		E984B0142CE7916E008BE7AB /* Project object */ = {
			isa = PBXProject;
			attributes = {
				BuildIndependentTargetsInParallel = 1;
				LastSwiftUpdateCheck = 1610;
				LastUpgradeCheck = 1610;
				TargetAttributes = {
					E984B01B2CE7916E008BE7AB = {
						CreatedOnToolsVersion = 16.1;
					};
					E984B02B2CE7916E008BE7AB = {
						CreatedOnToolsVersion = 16.1;
						TestTargetID = E984B01B2CE7916E008BE7AB;
					};
					E984B0352CE7916E008BE7AB = {
						CreatedOnToolsVersion = 16.1;
						TestTargetID = E984B01B2CE7916E008BE7AB;
					};
				};
			};
			buildConfigurationList = E984B0172CE7916E008BE7AB /* Build configuration list for PBXProject "PersonalFinance" */;
			developmentRegion = en;
			hasScannedForEncodings = 0;
			knownRegions = (
				en,
				Base,
			);
			mainGroup = E984B0132CE7916E008BE7AB;
			minimizedProjectReferenceProxies = 1;
			preferredProjectObjectVersion = 77;
			productRefGroup = E984B01D2CE7916E008BE7AB /* Products */;
			projectDirPath = "";
			projectRoot = "";
			targets = (
				E984B01B2CE7916E008BE7AB /* PersonalFinance */,
				E984B02B2CE7916E008BE7AB /* PersonalFinanceTests */,
				E984B0352CE7916E008BE7AB /* PersonalFinanceUITests */,
			);
		};
/* End PBXProject section */

/* Begin PBXResourcesBuildPhase section */
		E984B01A2CE7916E008BE7AB /* Resources */ = {
			isa = PBXResourcesBuildPhase;
			buildActionMask = 2147483647;
			files = (
			);
			runOnlyForDeploymentPostprocessing = 0;
		};
		E984B02A2CE7916E008BE7AB /* Resources */ = {
			isa = PBXResourcesBuildPhase;
			buildActionMask = 2147483647;
			files = (
			);
			runOnlyForDeploymentPostprocessing = 0;
		};
		E984B0342CE7916E008BE7AB /* Resources */ = {
			isa = PBXResourcesBuildPhase;
			buildActionMask = 2147483647;
			files = (
			);
			runOnlyForDeploymentPostprocessing = 0;
		};
/* End PBXResourcesBuildPhase section */

/* Begin PBXSourcesBuildPhase section */
		E984B0182CE7916E008BE7AB /* Sources */ = {
			isa = PBXSourcesBuildPhase;
			buildActionMask = 2147483647;
			files = (
			);
			runOnlyForDeploymentPostprocessing = 0;
		};
		E984B0282CE7916E008BE7AB /* Sources */ = {
			isa = PBXSourcesBuildPhase;
			buildActionMask = 2147483647;
			files = (
			);
			runOnlyForDeploymentPostprocessing = 0;
		};
		E984B0322CE7916E008BE7AB /* Sources */ = {
			isa = PBXSourcesBuildPhase;
			buildActionMask = 2147483647;
			files = (
			);
			runOnlyForDeploymentPostprocessing = 0;
		};
/* End PBXSourcesBuildPhase section */

/* Begin PBXTargetDependency section */
		E984B02E2CE7916E008BE7AB /* PBXTargetDependency */ = {
			isa = PBXTargetDependency;
			target = E984B01B2CE7916E008BE7AB /* PersonalFinance */;
			targetProxy = E984B02D2CE7916E008BE7AB /* PBXContainerItemProxy */;
		};
		E984B0382CE7916E008BE7AB /* PBXTargetDependency */ = {
			isa = PBXTargetDependency;
			target = E984B01B2CE7916E008BE7AB /* PersonalFinance */;
			targetProxy = E984B0372CE7916E008BE7AB /* PBXContainerItemProxy */;
		};
/* End PBXTargetDependency section */

/* Begin XCBuildConfiguration section */
		E984B03E2CE7916E008BE7AB /* Debug */ = {
			isa = XCBuildConfiguration;
			buildSettings = {
				ALWAYS_SEARCH_USER_PATHS = NO;
				ASSETCATALOG_COMPILER_GENERATE_SWIFT_ASSET_SYMBOL_EXTENSIONS = YES;
				CLANG_ANALYZER_NONNULL = YES;
				CLANG_ANALYZER_NUMBER_OBJECT_CONVERSION = YES_AGGRESSIVE;
				CLANG_CXX_LANGUAGE_STANDARD = "gnu++20";
				CLANG_ENABLE_MODULES = YES;
				CLANG_ENABLE_OBJC_ARC = YES;
				CLANG_ENABLE_OBJC_WEAK = YES;
				CLANG_WARN_BLOCK_CAPTURE_AUTORELEASING = YES;
				CLANG_WARN_BOOL_CONVERSION = YES;
				CLANG_WARN_COMMA = YES;
				CLANG_WARN_CONSTANT_CONVERSION = YES;
				CLANG_WARN_DEPRECATED_OBJC_IMPLEMENTATIONS = YES;
				CLANG_WARN_DIRECT_OBJC_ISA_USAGE = YES_ERROR;
				CLANG_WARN_DOCUMENTATION_COMMENTS = YES;
				CLANG_WARN_EMPTY_BODY = YES;
				CLANG_WARN_ENUM_CONVERSION = YES;
				CLANG_WARN_INFINITE_RECURSION = YES;
				CLANG_WARN_INT_CONVERSION = YES;
				CLANG_WARN_NON_LITERAL_NULL_CONVERSION = YES;
				CLANG_WARN_OBJC_IMPLICIT_RETAIN_SELF = YES;
				CLANG_WARN_OBJC_LITERAL_CONVERSION = YES;
				CLANG_WARN_OBJC_ROOT_CLASS = YES_ERROR;
				CLANG_WARN_QUOTED_INCLUDE_IN_FRAMEWORK_HEADER = YES;
				CLANG_WARN_RANGE_LOOP_ANALYSIS = YES;
				CLANG_WARN_STRICT_PROTOTYPES = YES;
				CLANG_WARN_SUSPICIOUS_MOVE = YES;
				CLANG_WARN_UNGUARDED_AVAILABILITY = YES_AGGRESSIVE;
				CLANG_WARN_UNREACHABLE_CODE = YES;
				CLANG_WARN__DUPLICATE_METHOD_MATCH = YES;
				COPY_PHASE_STRIP = NO;
				DEBUG_INFORMATION_FORMAT = dwarf;
				ENABLE_STRICT_OBJC_MSGSEND = YES;
				ENABLE_TESTABILITY = YES;
				ENABLE_USER_SCRIPT_SANDBOXING = YES;
				GCC_C_LANGUAGE_STANDARD = gnu17;
				GCC_DYNAMIC_NO_PIC = NO;
				GCC_NO_COMMON_BLOCKS = YES;
				GCC_OPTIMIZATION_LEVEL = 0;
				GCC_PREPROCESSOR_DEFINITIONS = (
					"DEBUG=1",
					"$(inherited)",
				);
				GCC_WARN_64_TO_32_BIT_CONVERSION = YES;
				GCC_WARN_ABOUT_RETURN_TYPE = YES_ERROR;
				GCC_WARN_UNDECLARED_SELECTOR = YES;
				GCC_WARN_UNINITIALIZED_AUTOS = YES_AGGRESSIVE;
				GCC_WARN_UNUSED_FUNCTION = YES;
				GCC_WARN_UNUSED_VARIABLE = YES;
				IPHONEOS_DEPLOYMENT_TARGET = 18.1;
				LOCALIZATION_PREFERS_STRING_CATALOGS = YES;
				MTL_ENABLE_DEBUG_INFO = INCLUDE_SOURCE;
				MTL_FAST_MATH = YES;
				ONLY_ACTIVE_ARCH = YES;
				SDKROOT = iphoneos;
				SWIFT_ACTIVE_COMPILATION_CONDITIONS = "DEBUG $(inherited)";
				SWIFT_OPTIMIZATION_LEVEL = "-Onone";
			};
			name = Debug;
		};
		E984B03F2CE7916E008BE7AB /* Release */ = {
			isa = XCBuildConfiguration;
			buildSettings = {
				ALWAYS_SEARCH_USER_PATHS = NO;
				ASSETCATALOG_COMPILER_GENERATE_SWIFT_ASSET_SYMBOL_EXTENSIONS = YES;
				CLANG_ANALYZER_NONNULL = YES;
				CLANG_ANALYZER_NUMBER_OBJECT_CONVERSION = YES_AGGRESSIVE;
				CLANG_CXX_LANGUAGE_STANDARD = "gnu++20";
				CLANG_ENABLE_MODULES = YES;
				CLANG_ENABLE_OBJC_ARC = YES;
				CLANG_ENABLE_OBJC_WEAK = YES;
				CLANG_WARN_BLOCK_CAPTURE_AUTORELEASING = YES;
				CLANG_WARN_BOOL_CONVERSION = YES;
				CLANG_WARN_COMMA = YES;
				CLANG_WARN_CONSTANT_CONVERSION = YES;
				CLANG_WARN_DEPRECATED_OBJC_IMPLEMENTATIONS = YES;
				CLANG_WARN_DIRECT_OBJC_ISA_USAGE = YES_ERROR;
				CLANG_WARN_DOCUMENTATION_COMMENTS = YES;
				CLANG_WARN_EMPTY_BODY = YES;
				CLANG_WARN_ENUM_CONVERSION = YES;
				CLANG_WARN_INFINITE_RECURSION = YES;
				CLANG_WARN_INT_CONVERSION = YES;
				CLANG_WARN_NON_LITERAL_NULL_CONVERSION = YES;
				CLANG_WARN_OBJC_IMPLICIT_RETAIN_SELF = YES;
				CLANG_WARN_OBJC_LITERAL_CONVERSION = YES;
				CLANG_WARN_OBJC_ROOT_CLASS = YES_ERROR;
				CLANG_WARN_QUOTED_INCLUDE_IN_FRAMEWORK_HEADER = YES;
				CLANG_WARN_RANGE_LOOP_ANALYSIS = YES;
				CLANG_WARN_STRICT_PROTOTYPES = YES;
				CLANG_WARN_SUSPICIOUS_MOVE = YES;
				CLANG_WARN_UNGUARDED_AVAILABILITY = YES_AGGRESSIVE;
				CLANG_WARN_UNREACHABLE_CODE = YES;
				CLANG_WARN__DUPLICATE_METHOD_MATCH = YES;
				COPY_PHASE_STRIP = NO;
				DEBUG_INFORMATION_FORMAT = "dwarf-with-dsym";
				ENABLE_NS_ASSERTIONS = NO;
				ENABLE_STRICT_OBJC_MSGSEND = YES;
				ENABLE_USER_SCRIPT_SANDBOXING = YES;
				GCC_C_LANGUAGE_STANDARD = gnu17;
				GCC_NO_COMMON_BLOCKS = YES;
				GCC_WARN_64_TO_32_BIT_CONVERSION = YES;
				GCC_WARN_ABOUT_RETURN_TYPE = YES_ERROR;
				GCC_WARN_UNDECLARED_SELECTOR = YES;
				GCC_WARN_UNINITIALIZED_AUTOS = YES_AGGRESSIVE;
				GCC_WARN_UNUSED_FUNCTION = YES;
				GCC_WARN_UNUSED_VARIABLE = YES;
				IPHONEOS_DEPLOYMENT_TARGET = 18.1;
				LOCALIZATION_PREFERS_STRING_CATALOGS = YES;
				MTL_ENABLE_DEBUG_INFO = NO;
				MTL_FAST_MATH = YES;
				SDKROOT = iphoneos;
				SWIFT_COMPILATION_MODE = wholemodule;
				VALIDATE_PRODUCT = YES;
			};
			name = Release;
		};
		E984B0412CE7916E008BE7AB /* Debug */ = {
			isa = XCBuildConfiguration;
			buildSettings = {
				ASSETCATALOG_COMPILER_APPICON_NAME = AppIcon;
				ASSETCATALOG_COMPILER_GLOBAL_ACCENT_COLOR_NAME = AccentColor;
				CODE_SIGN_STYLE = Automatic;
				CURRENT_PROJECT_VERSION = 1;
				DEVELOPMENT_ASSET_PATHS = "\"PersonalFinance/Preview Content\"";
				ENABLE_PREVIEWS = YES;
				GENERATE_INFOPLIST_FILE = YES;
				INFOPLIST_KEY_UIApplicationSceneManifest_Generation = YES;
				INFOPLIST_KEY_UIApplicationSupportsIndirectInputEvents = YES;
				INFOPLIST_KEY_UILaunchScreen_Generation = YES;
				INFOPLIST_KEY_UISupportedInterfaceOrientations_iPad = "UIInterfaceOrientationPortrait UIInterfaceOrientationPortraitUpsideDown UIInterfaceOrientationLandscapeLeft UIInterfaceOrientationLandscapeRight";
				INFOPLIST_KEY_UISupportedInterfaceOrientations_iPhone = "UIInterfaceOrientationPortrait UIInterfaceOrientationLandscapeLeft UIInterfaceOrientationLandscapeRight";
				LD_RUNPATH_SEARCH_PATHS = (
					"$(inherited)",
					"@executable_path/Frameworks",
				);
				MARKETING_VERSION = 1.0;
				PRODUCT_BUNDLE_IDENTIFIER = akhil.PersonalFinance;
				PRODUCT_NAME = "$(TARGET_NAME)";
				SWIFT_EMIT_LOC_STRINGS = YES;
				SWIFT_VERSION = 5.0;
				TARGETED_DEVICE_FAMILY = "1,2";
			};
			name = Debug;
		};
		E984B0422CE7916E008BE7AB /* Release */ = {
			isa = XCBuildConfiguration;
			buildSettings = {
				ASSETCATALOG_COMPILER_APPICON_NAME = AppIcon;
				ASSETCATALOG_COMPILER_GLOBAL_ACCENT_COLOR_NAME = AccentColor;
				CODE_SIGN_STYLE = Automatic;
				CURRENT_PROJECT_VERSION = 1;
				DEVELOPMENT_ASSET_PATHS = "\"PersonalFinance/Preview Content\"";
				ENABLE_PREVIEWS = YES;
				GENERATE_INFOPLIST_FILE = YES;
				INFOPLIST_KEY_UIApplicationSceneManifest_Generation = YES;
				INFOPLIST_KEY_UIApplicationSupportsIndirectInputEvents = YES;
				INFOPLIST_KEY_UILaunchScreen_Generation = YES;
				INFOPLIST_KEY_UISupportedInterfaceOrientations_iPad = "UIInterfaceOrientationPortrait UIInterfaceOrientationPortraitUpsideDown UIInterfaceOrientationLandscapeLeft UIInterfaceOrientationLandscapeRight";
				INFOPLIST_KEY_UISupportedInterfaceOrientations_iPhone = "UIInterfaceOrientationPortrait UIInterfaceOrientationLandscapeLeft UIInterfaceOrientationLandscapeRight";
				LD_RUNPATH_SEARCH_PATHS = (
					"$(inherited)",
					"@executable_path/Frameworks",
				);
				MARKETING_VERSION = 1.0;
				PRODUCT_BUNDLE_IDENTIFIER = akhil.PersonalFinance;
				PRODUCT_NAME = "$(TARGET_NAME)";
				SWIFT_EMIT_LOC_STRINGS = YES;
				SWIFT_VERSION = 5.0;
				TARGETED_DEVICE_FAMILY = "1,2";
			};
			name = Release;
		};
		E984B0442CE7916E008BE7AB /* Debug */ = {
			isa = XCBuildConfiguration;
			buildSettings = {
				BUNDLE_LOADER = "$(TEST_HOST)";
				CODE_SIGN_STYLE = Automatic;
				CURRENT_PROJECT_VERSION = 1;
				GENERATE_INFOPLIST_FILE = YES;
				IPHONEOS_DEPLOYMENT_TARGET = 18.1;
				MARKETING_VERSION = 1.0;
				PRODUCT_BUNDLE_IDENTIFIER = akhil.PersonalFinanceTests;
				PRODUCT_NAME = "$(TARGET_NAME)";
				SWIFT_EMIT_LOC_STRINGS = NO;
				SWIFT_VERSION = 5.0;
				TARGETED_DEVICE_FAMILY = "1,2";
				TEST_HOST = "$(BUILT_PRODUCTS_DIR)/PersonalFinance.app/$(BUNDLE_EXECUTABLE_FOLDER_PATH)/PersonalFinance";
			};
			name = Debug;
		};
		E984B0452CE7916E008BE7AB /* Release */ = {
			isa = XCBuildConfiguration;
			buildSettings = {
				BUNDLE_LOADER = "$(TEST_HOST)";
				CODE_SIGN_STYLE = Automatic;
				CURRENT_PROJECT_VERSION = 1;
				GENERATE_INFOPLIST_FILE = YES;
				IPHONEOS_DEPLOYMENT_TARGET = 18.1;
				MARKETING_VERSION = 1.0;
				PRODUCT_BUNDLE_IDENTIFIER = akhil.PersonalFinanceTests;
				PRODUCT_NAME = "$(TARGET_NAME)";
				SWIFT_EMIT_LOC_STRINGS = NO;
				SWIFT_VERSION = 5.0;
				TARGETED_DEVICE_FAMILY = "1,2";
				TEST_HOST = "$(BUILT_PRODUCTS_DIR)/PersonalFinance.app/$(BUNDLE_EXECUTABLE_FOLDER_PATH)/PersonalFinance";
			};
			name = Release;
		};
		E984B0472CE7916E008BE7AB /* Debug */ = {
			isa = XCBuildConfiguration;
			buildSettings = {
				CODE_SIGN_STYLE = Automatic;
				CURRENT_PROJECT_VERSION = 1;
				GENERATE_INFOPLIST_FILE = YES;
				MARKETING_VERSION = 1.0;
				PRODUCT_BUNDLE_IDENTIFIER = akhil.PersonalFinanceUITests;
				PRODUCT_NAME = "$(TARGET_NAME)";
				SWIFT_EMIT_LOC_STRINGS = NO;
				SWIFT_VERSION = 5.0;
				TARGETED_DEVICE_FAMILY = "1,2";
				TEST_TARGET_NAME = PersonalFinance;
			};
			name = Debug;
		};
		E984B0482CE7916E008BE7AB /* Release */ = {
			isa = XCBuildConfiguration;
			buildSettings = {
				CODE_SIGN_STYLE = Automatic;
				CURRENT_PROJECT_VERSION = 1;
				GENERATE_INFOPLIST_FILE = YES;
				MARKETING_VERSION = 1.0;
				PRODUCT_BUNDLE_IDENTIFIER = akhil.PersonalFinanceUITests;
				PRODUCT_NAME = "$(TARGET_NAME)";
				SWIFT_EMIT_LOC_STRINGS = NO;
				SWIFT_VERSION = 5.0;
				TARGETED_DEVICE_FAMILY = "1,2";
				TEST_TARGET_NAME = PersonalFinance;
			};
			name = Release;
		};
/* End XCBuildConfiguration section */

/* Begin XCConfigurationList section */
		E984B0172CE7916E008BE7AB /* Build configuration list for PBXProject "PersonalFinance" */ = {
			isa = XCConfigurationList;
			buildConfigurations = (
				E984B03E2CE7916E008BE7AB /* Debug */,
				E984B03F2CE7916E008BE7AB /* Release */,
			);
			defaultConfigurationIsVisible = 0;
			defaultConfigurationName = Release;
		};
		E984B0402CE7916E008BE7AB /* Build configuration list for PBXNativeTarget "PersonalFinance" */ = {
			isa = XCConfigurationList;
			buildConfigurations = (
				E984B0412CE7916E008BE7AB /* Debug */,
				E984B0422CE7916E008BE7AB /* Release */,
			);
			defaultConfigurationIsVisible = 0;
			defaultConfigurationName = Release;
		};
		E984B0432CE7916E008BE7AB /* Build configuration list for PBXNativeTarget "PersonalFinanceTests" */ = {
			isa = XCConfigurationList;
			buildConfigurations = (
				E984B0442CE7916E008BE7AB /* Debug */,
				E984B0452CE7916E008BE7AB /* Release */,
			);
			defaultConfigurationIsVisible = 0;
			defaultConfigurationName = Release;
		};
		E984B0462CE7916E008BE7AB /* Build configuration list for PBXNativeTarget "PersonalFinanceUITests" */ = {
			isa = XCConfigurationList;
			buildConfigurations = (
				E984B0472CE7916E008BE7AB /* Debug */,
				E984B0482CE7916E008BE7AB /* Release */,
			);
			defaultConfigurationIsVisible = 0;
			defaultConfigurationName = Release;
		};
/* End XCConfigurationList section */
	};
	rootObject = E984B0142CE7916E008BE7AB /* Project object */;
}
